<?xml version="1.0" encoding="utf-8"?>
<Project ToolsVersion="4.0" xmlns="http://schemas.microsoft.com/developer/msbuild/2003">
  <ItemGroup>
    <Filter Include="源文件">
      <UniqueIdentifier>{4FC737F1-C7A5-4376-A066-2A32D752A2FF}</UniqueIdentifier>
      <Extensions>cpp;c;cxx;def;odl;idl;hpj;bat;asm;asmx</Extensions>
    </Filter>
    <Filter Include="头文件">
      <UniqueIdentifier>{93995380-89BD-4b04-88EB-625FBE52EBFB}</UniqueIdentifier>
      <Extensions>h;hpp;hxx;hm;inl;inc;xsd</Extensions>
    </Filter>
    <Filter Include="资源文件">
      <UniqueIdentifier>{67DA6AB6-F800-4c08-8B7A-83BB121AAD01}</UniqueIdentifier>
      <Extensions>rc;ico;cur;bmp;dlg;rc2;rct;bin;rgs;gif;jpg;jpeg;jpe;resx</Extensions>
    </Filter>
    <Filter Include="websock">
      <UniqueIdentifier>{b8027ce2-0ebe-4886-ab31-c2a7355b28c6}</UniqueIdentifier>
    </Filter>
  </ItemGroup>
  <ItemGroup>
    <ClCompile Include="stdafx.cpp">
      <Filter>源文件</Filter>
    </ClCompile>
    <ClCompile Include="WebsockNet.cpp">
      <Filter>源文件</Filter>
    </ClCompile>
    <ClCompile Include="WebsockCore.cpp">
      <Filter>源文件</Filter>
    </ClCompile>
    <ClCompile Include="WebsockDealQueMgr.cpp">
      <Filter>源文件</Filter>
    </ClCompile>
    <ClCompile Include="WebsockFun.cpp">
      <Filter>源文件</Filter>
    </ClCompile>
    <ClCompile Include="WebsockSockMgr.cpp">
      <Filter>源文件</Filter>
    </ClCompile>
    <ClCompile Include="WebsockService.cpp">
      <Filter>源文件</Filter>
    </ClCompile>
    <ClCompile Include="websock\md5c.c">
      <Filter>websock</Filter>
    </ClCompile>
    <ClCompile Include="websock\sha1.c">
      <Filter>websock</Filter>
    </ClCompile>
    <ClCompile Include="websock\websocket.c">
      <Filter>websock</Filter>
    </ClCompile>
  </ItemGroup>
  <ItemGroup>
    <ResourceCompile Include="GCSRTNet.rc">
      <Filter>资源文件</Filter>
    </ResourceCompile>
  </ItemGroup>
  <ItemGroup>
    <ClInclude Include="h\MemMgr.h">
      <Filter>头文件</Filter>
    </ClInclude>
    <ClInclude Include="h\SyncLock.h">
      <Filter>头文件</Filter>
    </ClInclude>
    <ClInclude Include="WebsockNet.h">
      <Filter>头文件</Filter>
    </ClInclude>
    <ClInclude Include="h\WebsockCore.h">
      <Filter>头文件</Filter>
    </ClInclude>
    <ClInclude Include="h\WebsockDealQueMgr.h">
      <Filter>头文件</Filter>
    </ClInclude>
    <ClInclude Include="h\WebsockFun.h">
      <Filter>头文件</Filter>
    </ClInclude>
    <ClInclude Include="h\WebsockMemManager.h">
      <Filter>头文件</Filter>
    </ClInclude>
    <ClInclude Include="h\WebsockSockMgr.h">
      <Filter>头文件</Filter>
    </ClInclude>
    <ClInclude Include="h\WebsockType.h">
      <Filter>头文件</Filter>
    </ClInclude>
    <ClInclude Include="..\WebsockService.h">
      <Filter>头文件</Filter>
    </ClInclude>
    <ClInclude Include="websock\c_base64.h">
      <Filter>websock</Filter>
    </ClInclude>
    <ClInclude Include="websock\md5.h">
      <Filter>websock</Filter>
    </ClInclude>
    <ClInclude Include="websock\sha1.h">
      <Filter>websock</Filter>
    </ClInclude>
    <ClInclude Include="websock\websocket.h">
      <Filter>websock</Filter>
    </ClInclude>
  </ItemGroup>
</Project>